
Microsoft Visual Studio Solution File, Format Version 12.00
# Visual Studio 15
VisualStudioVersion = 15.0.28010.2036
MinimumVisualStudioVersion = 10.0.40219.1
Project("{8BC9CEB8-8B4A-11D0-8D11-00A0C91BC942}") = "homework5_ques2", "homework5_ques2\homework5_ques2.vcxproj", "{A5456B91-99F9-48C5-B3CF-229C067CC85B}"
EndProject
Global
	GlobalSection(SolutionConfigurationPlatforms) = preSolution
		Debug|x64 = Debug|x64
		Debug|x86 = Debug|x86
		Release|x64 = Release|x64
		Release|x86 = Release|x86
	EndGlobalSection
	GlobalSection(ProjectConfigurationPlatforms) = postSolution
		{A5456B91-99F9-48C5-B3CF-229C067CC85B}.Debug|x64.ActiveCfg = Debug|x64
		{A5456B91-99F9-48C5-B3CF-229C067CC85B}.Debug|x64.Build.0 = Debug|x64
		{A5456B91-99F9-48C5-B3CF-229C067CC85B}.Debug|x86.ActiveCfg = Debug|Win32
		{A5456B91-99F9-48C5-B3CF-229C067CC85B}.Debug|x86.Build.0 = Debug|Win32
		{A5456B91-99F9-48C5-B3CF-229C067CC85B}.Release|x64.ActiveCfg = Release|x64
		{A5456B91-99F9-48C5-B3CF-229C067CC85B}.Release|x64.Build.0 = Release|x64
		{A5456B91-99F9-48C5-B3CF-229C067CC85B}.Release|x86.ActiveCfg = Release|Win32
		{A5456B91-99F9-48C5-B3CF-229C067CC85B}.Release|x86.Build.0 = Release|Win32
	EndGlobalSection
	GlobalSection(SolutionProperties) = preSolution
		HideSolutionNode = FALSE
	EndGlobalSection
	GlobalSection(ExtensibilityGlobals) = postSolution
		SolutionGuid = {A9D7BA1C-D948-4A90-B5D6-0F07702DE5B1}
	EndGlobalSection
EndGlobal
